
Microsoft Visual Studio Solution File, Format Version 12.00
# Visual Studio 15
VisualStudioVersion = 15.0.26730.12
MinimumVisualStudioVersion = 10.0.40219.1
Project("{FAE04EC0-301F-11D3-BF4B-00C04F79EFBC}") = "Clamp", "Clamp\Clamp.csproj", "{4E6D8AC5-EAD5-4EDA-8983-979AA346D705}"
	ProjectSection(ProjectDependencies) = postProject
		{E8E03CCD-CCFA-43F9-8FB0-3B45AA81E2AE} = {E8E03CCD-CCFA-43F9-8FB0-3B45AA81E2AE}
	EndProjectSection
EndProject
Project("{FAE04EC0-301F-11D3-BF4B-00C04F79EFBC}") = "Clamp.Common", "Clamp.Common\Clamp.Common.csproj", "{76F59423-C48E-4E53-8A85-A011AF3D159B}"
EndProject
Project("{FAE04EC0-301F-11D3-BF4B-00C04F79EFBC}") = "Clamp.Webwork", "Clamp.Webwork\Clamp.Webwork.csproj", "{55EA65FF-E185-457C-9EFF-CA95590898DB}"
EndProject
Project("{2150E333-8FDC-42A3-9474-1A3956D46DE8}") = "Tests", "Tests", "{EEAF92D4-9EC4-481D-B741-E2C5DDF0336A}"
EndProject
Project("{FAE04EC0-301F-11D3-BF4B-00C04F79EFBC}") = "Clamp.Test", "Clamp.Test\Clamp.Test.csproj", "{E899B593-C2DA-4CCD-8938-3B2765C7B37B}"
	ProjectSection(ProjectDependencies) = postProject
		{E8E03CCD-CCFA-43F9-8FB0-3B45AA81E2AE} = {E8E03CCD-CCFA-43F9-8FB0-3B45AA81E2AE}
	EndProjectSection
EndProject
Project("{2150E333-8FDC-42A3-9474-1A3956D46DE8}") = "AddIns", "AddIns", "{8EC987BD-844B-469E-8A1E-B0260A60F2DA}"
EndProject
Project("{FAE04EC0-301F-11D3-BF4B-00C04F79EFBC}") = "Clamp.SDK", "Clamp.SDK\Clamp.SDK.csproj", "{E6B5CEDC-1317-4BA1-A33A-C07ACA867082}"
EndProject
Project("{FAE04EC0-301F-11D3-BF4B-00C04F79EFBC}") = "Clamp.SDK.Framework", "Clamp.SDK.Framework\Clamp.SDK.Framework.csproj", "{BDCA8F8E-D556-4BAD-9C4D-2FA49FC66124}"
EndProject
Project("{FAE04EC0-301F-11D3-BF4B-00C04F79EFBC}") = "Clamp.Machine", "Clamp.Machine\Clamp.Machine.csproj", "{E8E03CCD-CCFA-43F9-8FB0-3B45AA81E2AE}"
EndProject
Project("{FAE04EC0-301F-11D3-BF4B-00C04F79EFBC}") = "Clamp.Printer", "Clamp.Printer\Clamp.Printer.csproj", "{8C11542F-0E4B-49E1-BCF8-CB19AC733469}"
EndProject
Project("{FAE04EC0-301F-11D3-BF4B-00C04F79EFBC}") = "Clamp.Audio", "Clamp.Audio\Clamp.Audio.csproj", "{752C40AB-12F7-4715-BB57-02988B997C80}"
EndProject
Project("{2150E333-8FDC-42A3-9474-1A3956D46DE8}") = "Cores", "Cores", "{D8CA1526-30A9-4D10-896D-16F840023D1D}"
EndProject
Project("{2150E333-8FDC-42A3-9474-1A3956D46DE8}") = "Libraries", "Libraries", "{17ABC6EF-F10D-4BAE-93E7-59384E88E85A}"
EndProject
Project("{FAE04EC0-301F-11D3-BF4B-00C04F79EFBC}") = "Clamp.UIShell", "Clamp.UIShell\Clamp.UIShell.csproj", "{48E72735-A0BA-46C0-82CC-60426CE98198}"
EndProject
Project("{FAE04EC0-301F-11D3-BF4B-00C04F79EFBC}") = "Clamp.UIShell.Assist", "Clamp.UIShell.Assist\Clamp.UIShell.Assist.csproj", "{2F31CAE7-F753-4847-83B4-C494F009AB48}"
EndProject
Project("{FAE04EC0-301F-11D3-BF4B-00C04F79EFBC}") = "Clamp.UIShell.Framework", "Clamp.UIShell.Framework\Clamp.UIShell.Framework.csproj", "{EDE06D3F-51DB-45A2-B0C6-E0E8D5B6D8AE}"
EndProject
Project("{2150E333-8FDC-42A3-9474-1A3956D46DE8}") = "UI", "UI", "{28EE851F-BA2C-4404-93AB-BF609B17BE0F}"
EndProject
Project("{FAE04EC0-301F-11D3-BF4B-00C04F79EFBC}") = "Clamp.OSGI", "Clamp.OSGI\Clamp.OSGI.csproj", "{95A3B367-FEBB-4F9E-B2EB-ACED3565393E}"
EndProject
Global
	GlobalSection(SolutionConfigurationPlatforms) = preSolution
		Debug|Any CPU = Debug|Any CPU
		Debug|x64 = Debug|x64
		Debug|x86 = Debug|x86
		Release|Any CPU = Release|Any CPU
		Release|x64 = Release|x64
		Release|x86 = Release|x86
	EndGlobalSection
	GlobalSection(ProjectConfigurationPlatforms) = postSolution
		{4E6D8AC5-EAD5-4EDA-8983-979AA346D705}.Debug|Any CPU.ActiveCfg = Debug|Any CPU
		{4E6D8AC5-EAD5-4EDA-8983-979AA346D705}.Debug|Any CPU.Build.0 = Debug|Any CPU
		{4E6D8AC5-EAD5-4EDA-8983-979AA346D705}.Debug|x64.ActiveCfg = Debug|Any CPU
		{4E6D8AC5-EAD5-4EDA-8983-979AA346D705}.Debug|x64.Build.0 = Debug|Any CPU
		{4E6D8AC5-EAD5-4EDA-8983-979AA346D705}.Debug|x86.ActiveCfg = Debug|Any CPU
		{4E6D8AC5-EAD5-4EDA-8983-979AA346D705}.Debug|x86.Build.0 = Debug|Any CPU
		{4E6D8AC5-EAD5-4EDA-8983-979AA346D705}.Release|Any CPU.ActiveCfg = Release|Any CPU
		{4E6D8AC5-EAD5-4EDA-8983-979AA346D705}.Release|Any CPU.Build.0 = Release|Any CPU
		{4E6D8AC5-EAD5-4EDA-8983-979AA346D705}.Release|x64.ActiveCfg = Release|Any CPU
		{4E6D8AC5-EAD5-4EDA-8983-979AA346D705}.Release|x64.Build.0 = Release|Any CPU
		{4E6D8AC5-EAD5-4EDA-8983-979AA346D705}.Release|x86.ActiveCfg = Release|Any CPU
		{4E6D8AC5-EAD5-4EDA-8983-979AA346D705}.Release|x86.Build.0 = Release|Any CPU
		{76F59423-C48E-4E53-8A85-A011AF3D159B}.Debug|Any CPU.ActiveCfg = Debug|Any CPU
		{76F59423-C48E-4E53-8A85-A011AF3D159B}.Debug|Any CPU.Build.0 = Debug|Any CPU
		{76F59423-C48E-4E53-8A85-A011AF3D159B}.Debug|x64.ActiveCfg = Debug|Any CPU
		{76F59423-C48E-4E53-8A85-A011AF3D159B}.Debug|x64.Build.0 = Debug|Any CPU
		{76F59423-C48E-4E53-8A85-A011AF3D159B}.Debug|x86.ActiveCfg = Debug|Any CPU
		{76F59423-C48E-4E53-8A85-A011AF3D159B}.Debug|x86.Build.0 = Debug|Any CPU
		{76F59423-C48E-4E53-8A85-A011AF3D159B}.Release|Any CPU.ActiveCfg = Release|Any CPU
		{76F59423-C48E-4E53-8A85-A011AF3D159B}.Release|Any CPU.Build.0 = Release|Any CPU
		{76F59423-C48E-4E53-8A85-A011AF3D159B}.Release|x64.ActiveCfg = Release|Any CPU
		{76F59423-C48E-4E53-8A85-A011AF3D159B}.Release|x64.Build.0 = Release|Any CPU
		{76F59423-C48E-4E53-8A85-A011AF3D159B}.Release|x86.ActiveCfg = Release|Any CPU
		{76F59423-C48E-4E53-8A85-A011AF3D159B}.Release|x86.Build.0 = Release|Any CPU
		{55EA65FF-E185-457C-9EFF-CA95590898DB}.Debug|Any CPU.ActiveCfg = Debug|Any CPU
		{55EA65FF-E185-457C-9EFF-CA95590898DB}.Debug|Any CPU.Build.0 = Debug|Any CPU
		{55EA65FF-E185-457C-9EFF-CA95590898DB}.Debug|x64.ActiveCfg = Debug|Any CPU
		{55EA65FF-E185-457C-9EFF-CA95590898DB}.Debug|x64.Build.0 = Debug|Any CPU
		{55EA65FF-E185-457C-9EFF-CA95590898DB}.Debug|x86.ActiveCfg = Debug|Any CPU
		{55EA65FF-E185-457C-9EFF-CA95590898DB}.Debug|x86.Build.0 = Debug|Any CPU
		{55EA65FF-E185-457C-9EFF-CA95590898DB}.Release|Any CPU.ActiveCfg = Release|Any CPU
		{55EA65FF-E185-457C-9EFF-CA95590898DB}.Release|Any CPU.Build.0 = Release|Any CPU
		{55EA65FF-E185-457C-9EFF-CA95590898DB}.Release|x64.ActiveCfg = Release|Any CPU
		{55EA65FF-E185-457C-9EFF-CA95590898DB}.Release|x64.Build.0 = Release|Any CPU
		{55EA65FF-E185-457C-9EFF-CA95590898DB}.Release|x86.ActiveCfg = Release|Any CPU
		{55EA65FF-E185-457C-9EFF-CA95590898DB}.Release|x86.Build.0 = Release|Any CPU
		{E899B593-C2DA-4CCD-8938-3B2765C7B37B}.Debug|Any CPU.ActiveCfg = Debug|Any CPU
		{E899B593-C2DA-4CCD-8938-3B2765C7B37B}.Debug|Any CPU.Build.0 = Debug|Any CPU
		{E899B593-C2DA-4CCD-8938-3B2765C7B37B}.Debug|x64.ActiveCfg = Debug|Any CPU
		{E899B593-C2DA-4CCD-8938-3B2765C7B37B}.Debug|x64.Build.0 = Debug|Any CPU
		{E899B593-C2DA-4CCD-8938-3B2765C7B37B}.Debug|x86.ActiveCfg = Debug|Any CPU
		{E899B593-C2DA-4CCD-8938-3B2765C7B37B}.Debug|x86.Build.0 = Debug|Any CPU
		{E899B593-C2DA-4CCD-8938-3B2765C7B37B}.Release|Any CPU.ActiveCfg = Release|Any CPU
		{E899B593-C2DA-4CCD-8938-3B2765C7B37B}.Release|Any CPU.Build.0 = Release|Any CPU
		{E899B593-C2DA-4CCD-8938-3B2765C7B37B}.Release|x64.ActiveCfg = Release|Any CPU
		{E899B593-C2DA-4CCD-8938-3B2765C7B37B}.Release|x64.Build.0 = Release|Any CPU
		{E899B593-C2DA-4CCD-8938-3B2765C7B37B}.Release|x86.ActiveCfg = Release|Any CPU
		{E899B593-C2DA-4CCD-8938-3B2765C7B37B}.Release|x86.Build.0 = Release|Any CPU
		{E6B5CEDC-1317-4BA1-A33A-C07ACA867082}.Debug|Any CPU.ActiveCfg = Debug|Any CPU
		{E6B5CEDC-1317-4BA1-A33A-C07ACA867082}.Debug|Any CPU.Build.0 = Debug|Any CPU
		{E6B5CEDC-1317-4BA1-A33A-C07ACA867082}.Debug|x64.ActiveCfg = Debug|Any CPU
		{E6B5CEDC-1317-4BA1-A33A-C07ACA867082}.Debug|x64.Build.0 = Debug|Any CPU
		{E6B5CEDC-1317-4BA1-A33A-C07ACA867082}.Debug|x86.ActiveCfg = Debug|Any CPU
		{E6B5CEDC-1317-4BA1-A33A-C07ACA867082}.Debug|x86.Build.0 = Debug|Any CPU
		{E6B5CEDC-1317-4BA1-A33A-C07ACA867082}.Release|Any CPU.ActiveCfg = Release|Any CPU
		{E6B5CEDC-1317-4BA1-A33A-C07ACA867082}.Release|Any CPU.Build.0 = Release|Any CPU
		{E6B5CEDC-1317-4BA1-A33A-C07ACA867082}.Release|x64.ActiveCfg = Release|Any CPU
		{E6B5CEDC-1317-4BA1-A33A-C07ACA867082}.Release|x64.Build.0 = Release|Any CPU
		{E6B5CEDC-1317-4BA1-A33A-C07ACA867082}.Release|x86.ActiveCfg = Release|Any CPU
		{E6B5CEDC-1317-4BA1-A33A-C07ACA867082}.Release|x86.Build.0 = Release|Any CPU
		{BDCA8F8E-D556-4BAD-9C4D-2FA49FC66124}.Debug|Any CPU.ActiveCfg = Debug|Any CPU
		{BDCA8F8E-D556-4BAD-9C4D-2FA49FC66124}.Debug|Any CPU.Build.0 = Debug|Any CPU
		{BDCA8F8E-D556-4BAD-9C4D-2FA49FC66124}.Debug|x64.ActiveCfg = Debug|Any CPU
		{BDCA8F8E-D556-4BAD-9C4D-2FA49FC66124}.Debug|x64.Build.0 = Debug|Any CPU
		{BDCA8F8E-D556-4BAD-9C4D-2FA49FC66124}.Debug|x86.ActiveCfg = Debug|Any CPU
		{BDCA8F8E-D556-4BAD-9C4D-2FA49FC66124}.Debug|x86.Build.0 = Debug|Any CPU
		{BDCA8F8E-D556-4BAD-9C4D-2FA49FC66124}.Release|Any CPU.ActiveCfg = Release|Any CPU
		{BDCA8F8E-D556-4BAD-9C4D-2FA49FC66124}.Release|Any CPU.Build.0 = Release|Any CPU
		{BDCA8F8E-D556-4BAD-9C4D-2FA49FC66124}.Release|x64.ActiveCfg = Release|Any CPU
		{BDCA8F8E-D556-4BAD-9C4D-2FA49FC66124}.Release|x64.Build.0 = Release|Any CPU
		{BDCA8F8E-D556-4BAD-9C4D-2FA49FC66124}.Release|x86.ActiveCfg = Release|Any CPU
		{BDCA8F8E-D556-4BAD-9C4D-2FA49FC66124}.Release|x86.Build.0 = Release|Any CPU
		{E8E03CCD-CCFA-43F9-8FB0-3B45AA81E2AE}.Debug|Any CPU.ActiveCfg = Debug|Any CPU
		{E8E03CCD-CCFA-43F9-8FB0-3B45AA81E2AE}.Debug|Any CPU.Build.0 = Debug|Any CPU
		{E8E03CCD-CCFA-43F9-8FB0-3B45AA81E2AE}.Debug|x64.ActiveCfg = Debug|Any CPU
		{E8E03CCD-CCFA-43F9-8FB0-3B45AA81E2AE}.Debug|x64.Build.0 = Debug|Any CPU
		{E8E03CCD-CCFA-43F9-8FB0-3B45AA81E2AE}.Debug|x86.ActiveCfg = Debug|Any CPU
		{E8E03CCD-CCFA-43F9-8FB0-3B45AA81E2AE}.Debug|x86.Build.0 = Debug|Any CPU
		{E8E03CCD-CCFA-43F9-8FB0-3B45AA81E2AE}.Release|Any CPU.ActiveCfg = Release|Any CPU
		{E8E03CCD-CCFA-43F9-8FB0-3B45AA81E2AE}.Release|Any CPU.Build.0 = Release|Any CPU
		{E8E03CCD-CCFA-43F9-8FB0-3B45AA81E2AE}.Release|x64.ActiveCfg = Release|Any CPU
		{E8E03CCD-CCFA-43F9-8FB0-3B45AA81E2AE}.Release|x64.Build.0 = Release|Any CPU
		{E8E03CCD-CCFA-43F9-8FB0-3B45AA81E2AE}.Release|x86.ActiveCfg = Release|Any CPU
		{E8E03CCD-CCFA-43F9-8FB0-3B45AA81E2AE}.Release|x86.Build.0 = Release|Any CPU
		{8C11542F-0E4B-49E1-BCF8-CB19AC733469}.Debug|Any CPU.ActiveCfg = Debug|Any CPU
		{8C11542F-0E4B-49E1-BCF8-CB19AC733469}.Debug|Any CPU.Build.0 = Debug|Any CPU
		{8C11542F-0E4B-49E1-BCF8-CB19AC733469}.Debug|x64.ActiveCfg = Debug|Any CPU
		{8C11542F-0E4B-49E1-BCF8-CB19AC733469}.Debug|x64.Build.0 = Debug|Any CPU
		{8C11542F-0E4B-49E1-BCF8-CB19AC733469}.Debug|x86.ActiveCfg = Debug|Any CPU
		{8C11542F-0E4B-49E1-BCF8-CB19AC733469}.Debug|x86.Build.0 = Debug|Any CPU
		{8C11542F-0E4B-49E1-BCF8-CB19AC733469}.Release|Any CPU.ActiveCfg = Release|Any CPU
		{8C11542F-0E4B-49E1-BCF8-CB19AC733469}.Release|Any CPU.Build.0 = Release|Any CPU
		{8C11542F-0E4B-49E1-BCF8-CB19AC733469}.Release|x64.ActiveCfg = Release|Any CPU
		{8C11542F-0E4B-49E1-BCF8-CB19AC733469}.Release|x64.Build.0 = Release|Any CPU
		{8C11542F-0E4B-49E1-BCF8-CB19AC733469}.Release|x86.ActiveCfg = Release|Any CPU
		{8C11542F-0E4B-49E1-BCF8-CB19AC733469}.Release|x86.Build.0 = Release|Any CPU
		{752C40AB-12F7-4715-BB57-02988B997C80}.Debug|Any CPU.ActiveCfg = Debug|Any CPU
		{752C40AB-12F7-4715-BB57-02988B997C80}.Debug|Any CPU.Build.0 = Debug|Any CPU
		{752C40AB-12F7-4715-BB57-02988B997C80}.Debug|x64.ActiveCfg = Debug|Any CPU
		{752C40AB-12F7-4715-BB57-02988B997C80}.Debug|x64.Build.0 = Debug|Any CPU
		{752C40AB-12F7-4715-BB57-02988B997C80}.Debug|x86.ActiveCfg = Debug|Any CPU
		{752C40AB-12F7-4715-BB57-02988B997C80}.Debug|x86.Build.0 = Debug|Any CPU
		{752C40AB-12F7-4715-BB57-02988B997C80}.Release|Any CPU.ActiveCfg = Release|Any CPU
		{752C40AB-12F7-4715-BB57-02988B997C80}.Release|Any CPU.Build.0 = Release|Any CPU
		{752C40AB-12F7-4715-BB57-02988B997C80}.Release|x64.ActiveCfg = Release|Any CPU
		{752C40AB-12F7-4715-BB57-02988B997C80}.Release|x64.Build.0 = Release|Any CPU
		{752C40AB-12F7-4715-BB57-02988B997C80}.Release|x86.ActiveCfg = Release|Any CPU
		{752C40AB-12F7-4715-BB57-02988B997C80}.Release|x86.Build.0 = Release|Any CPU
		{48E72735-A0BA-46C0-82CC-60426CE98198}.Debug|Any CPU.ActiveCfg = Debug|Any CPU
		{48E72735-A0BA-46C0-82CC-60426CE98198}.Debug|Any CPU.Build.0 = Debug|Any CPU
		{48E72735-A0BA-46C0-82CC-60426CE98198}.Debug|x64.ActiveCfg = Debug|x64
		{48E72735-A0BA-46C0-82CC-60426CE98198}.Debug|x64.Build.0 = Debug|x64
		{48E72735-A0BA-46C0-82CC-60426CE98198}.Debug|x86.ActiveCfg = Debug|x86
		{48E72735-A0BA-46C0-82CC-60426CE98198}.Debug|x86.Build.0 = Debug|x86
		{48E72735-A0BA-46C0-82CC-60426CE98198}.Release|Any CPU.ActiveCfg = Release|Any CPU
		{48E72735-A0BA-46C0-82CC-60426CE98198}.Release|Any CPU.Build.0 = Release|Any CPU
		{48E72735-A0BA-46C0-82CC-60426CE98198}.Release|x64.ActiveCfg = Release|x64
		{48E72735-A0BA-46C0-82CC-60426CE98198}.Release|x64.Build.0 = Release|x64
		{48E72735-A0BA-46C0-82CC-60426CE98198}.Release|x86.ActiveCfg = Release|x86
		{48E72735-A0BA-46C0-82CC-60426CE98198}.Release|x86.Build.0 = Release|x86
		{2F31CAE7-F753-4847-83B4-C494F009AB48}.Debug|Any CPU.ActiveCfg = Debug|Any CPU
		{2F31CAE7-F753-4847-83B4-C494F009AB48}.Debug|Any CPU.Build.0 = Debug|Any CPU
		{2F31CAE7-F753-4847-83B4-C494F009AB48}.Debug|x64.ActiveCfg = Debug|x64
		{2F31CAE7-F753-4847-83B4-C494F009AB48}.Debug|x64.Build.0 = Debug|x64
		{2F31CAE7-F753-4847-83B4-C494F009AB48}.Debug|x86.ActiveCfg = Debug|x86
		{2F31CAE7-F753-4847-83B4-C494F009AB48}.Debug|x86.Build.0 = Debug|x86
		{2F31CAE7-F753-4847-83B4-C494F009AB48}.Release|Any CPU.ActiveCfg = Release|Any CPU
		{2F31CAE7-F753-4847-83B4-C494F009AB48}.Release|Any CPU.Build.0 = Release|Any CPU
		{2F31CAE7-F753-4847-83B4-C494F009AB48}.Release|x64.ActiveCfg = Release|x64
		{2F31CAE7-F753-4847-83B4-C494F009AB48}.Release|x64.Build.0 = Release|x64
		{2F31CAE7-F753-4847-83B4-C494F009AB48}.Release|x86.ActiveCfg = Release|x86
		{2F31CAE7-F753-4847-83B4-C494F009AB48}.Release|x86.Build.0 = Release|x86
		{EDE06D3F-51DB-45A2-B0C6-E0E8D5B6D8AE}.Debug|Any CPU.ActiveCfg = Debug|Any CPU
		{EDE06D3F-51DB-45A2-B0C6-E0E8D5B6D8AE}.Debug|Any CPU.Build.0 = Debug|Any CPU
		{EDE06D3F-51DB-45A2-B0C6-E0E8D5B6D8AE}.Debug|x64.ActiveCfg = Debug|x64
		{EDE06D3F-51DB-45A2-B0C6-E0E8D5B6D8AE}.Debug|x64.Build.0 = Debug|x64
		{EDE06D3F-51DB-45A2-B0C6-E0E8D5B6D8AE}.Debug|x86.ActiveCfg = Debug|x86
		{EDE06D3F-51DB-45A2-B0C6-E0E8D5B6D8AE}.Debug|x86.Build.0 = Debug|x86
		{EDE06D3F-51DB-45A2-B0C6-E0E8D5B6D8AE}.Release|Any CPU.ActiveCfg = Release|Any CPU
		{EDE06D3F-51DB-45A2-B0C6-E0E8D5B6D8AE}.Release|Any CPU.Build.0 = Release|Any CPU
		{EDE06D3F-51DB-45A2-B0C6-E0E8D5B6D8AE}.Release|x64.ActiveCfg = Release|x64
		{EDE06D3F-51DB-45A2-B0C6-E0E8D5B6D8AE}.Release|x64.Build.0 = Release|x64
		{EDE06D3F-51DB-45A2-B0C6-E0E8D5B6D8AE}.Release|x86.ActiveCfg = Release|x86
		{EDE06D3F-51DB-45A2-B0C6-E0E8D5B6D8AE}.Release|x86.Build.0 = Release|x86
		{95A3B367-FEBB-4F9E-B2EB-ACED3565393E}.Debug|Any CPU.ActiveCfg = Debug|Any CPU
		{95A3B367-FEBB-4F9E-B2EB-ACED3565393E}.Debug|Any CPU.Build.0 = Debug|Any CPU
		{95A3B367-FEBB-4F9E-B2EB-ACED3565393E}.Debug|x64.ActiveCfg = Debug|Any CPU
		{95A3B367-FEBB-4F9E-B2EB-ACED3565393E}.Debug|x64.Build.0 = Debug|Any CPU
		{95A3B367-FEBB-4F9E-B2EB-ACED3565393E}.Debug|x86.ActiveCfg = Debug|Any CPU
		{95A3B367-FEBB-4F9E-B2EB-ACED3565393E}.Debug|x86.Build.0 = Debug|Any CPU
		{95A3B367-FEBB-4F9E-B2EB-ACED3565393E}.Release|Any CPU.ActiveCfg = Release|Any CPU
		{95A3B367-FEBB-4F9E-B2EB-ACED3565393E}.Release|Any CPU.Build.0 = Release|Any CPU
		{95A3B367-FEBB-4F9E-B2EB-ACED3565393E}.Release|x64.ActiveCfg = Release|Any CPU
		{95A3B367-FEBB-4F9E-B2EB-ACED3565393E}.Release|x64.Build.0 = Release|Any CPU
		{95A3B367-FEBB-4F9E-B2EB-ACED3565393E}.Release|x86.ActiveCfg = Release|Any CPU
		{95A3B367-FEBB-4F9E-B2EB-ACED3565393E}.Release|x86.Build.0 = Release|Any CPU
	EndGlobalSection
	GlobalSection(SolutionProperties) = preSolution
		HideSolutionNode = FALSE
	EndGlobalSection
	GlobalSection(NestedProjects) = preSolution
		{4E6D8AC5-EAD5-4EDA-8983-979AA346D705} = {28EE851F-BA2C-4404-93AB-BF609B17BE0F}
		{76F59423-C48E-4E53-8A85-A011AF3D159B} = {17ABC6EF-F10D-4BAE-93E7-59384E88E85A}
		{55EA65FF-E185-457C-9EFF-CA95590898DB} = {D8CA1526-30A9-4D10-896D-16F840023D1D}
		{E899B593-C2DA-4CCD-8938-3B2765C7B37B} = {EEAF92D4-9EC4-481D-B741-E2C5DDF0336A}
		{E6B5CEDC-1317-4BA1-A33A-C07ACA867082} = {D8CA1526-30A9-4D10-896D-16F840023D1D}
		{BDCA8F8E-D556-4BAD-9C4D-2FA49FC66124} = {D8CA1526-30A9-4D10-896D-16F840023D1D}
		{E8E03CCD-CCFA-43F9-8FB0-3B45AA81E2AE} = {17ABC6EF-F10D-4BAE-93E7-59384E88E85A}
		{8C11542F-0E4B-49E1-BCF8-CB19AC733469} = {17ABC6EF-F10D-4BAE-93E7-59384E88E85A}
		{752C40AB-12F7-4715-BB57-02988B997C80} = {17ABC6EF-F10D-4BAE-93E7-59384E88E85A}
		{48E72735-A0BA-46C0-82CC-60426CE98198} = {28EE851F-BA2C-4404-93AB-BF609B17BE0F}
		{2F31CAE7-F753-4847-83B4-C494F009AB48} = {28EE851F-BA2C-4404-93AB-BF609B17BE0F}
		{EDE06D3F-51DB-45A2-B0C6-E0E8D5B6D8AE} = {28EE851F-BA2C-4404-93AB-BF609B17BE0F}
		{95A3B367-FEBB-4F9E-B2EB-ACED3565393E} = {D8CA1526-30A9-4D10-896D-16F840023D1D}
	EndGlobalSection
	GlobalSection(ExtensibilityGlobals) = postSolution
		SolutionGuid = {8E3DB394-B719-4520-8023-B25FBE6D63BF}
	EndGlobalSection
EndGlobal
