
Microsoft Visual Studio Solution File, Format Version 12.00
# Visual Studio 15
VisualStudioVersion = 15.0.26730.12
MinimumVisualStudioVersion = 10.0.40219.1
Project("{FAE04EC0-301F-11D3-BF4B-00C04F79EFBC}") = "Clamp", "Clamp\Clamp.csproj", "{4E6D8AC5-EAD5-4EDA-8983-979AA346D705}"
	ProjectSection(ProjectDependencies) = postProject
		{E8E03CCD-CCFA-43F9-8FB0-3B45AA81E2AE} = {E8E03CCD-CCFA-43F9-8FB0-3B45AA81E2AE}
	EndProjectSection
EndProject
Project("{FAE04EC0-301F-11D3-BF4B-00C04F79EFBC}") = "Clamp.AddIns", "Clamp.AddIns\Clamp.AddIns.csproj", "{95A3B367-FEBB-4F9E-B2EB-ACED3565393E}"
EndProject
Project("{FAE04EC0-301F-11D3-BF4B-00C04F79EFBC}") = "Clamp.Common", "Clamp.Common\Clamp.Common.csproj", "{76F59423-C48E-4E53-8A85-A011AF3D159B}"
EndProject
Project("{FAE04EC0-301F-11D3-BF4B-00C04F79EFBC}") = "Clamp.Webwork", "Clamp.Webwork\Clamp.Webwork.csproj", "{55EA65FF-E185-457C-9EFF-CA95590898DB}"
EndProject
Project("{2150E333-8FDC-42A3-9474-1A3956D46DE8}") = "Tests", "Tests", "{EEAF92D4-9EC4-481D-B741-E2C5DDF0336A}"
EndProject
Project("{FAE04EC0-301F-11D3-BF4B-00C04F79EFBC}") = "Clamp.Test", "Clamp.Test\Clamp.Test.csproj", "{E899B593-C2DA-4CCD-8938-3B2765C7B37B}"
	ProjectSection(ProjectDependencies) = postProject
		{44522415-0A86-4FB8-B3D5-B37219F3FAFB} = {44522415-0A86-4FB8-B3D5-B37219F3FAFB}
		{FFB6AD17-F2C4-4662-B65B-A4C77BDE6958} = {FFB6AD17-F2C4-4662-B65B-A4C77BDE6958}
		{DCF3E11D-9318-43D4-906B-CEEEAA94C211} = {DCF3E11D-9318-43D4-906B-CEEEAA94C211}
		{E8E03CCD-CCFA-43F9-8FB0-3B45AA81E2AE} = {E8E03CCD-CCFA-43F9-8FB0-3B45AA81E2AE}
	EndProjectSection
EndProject
Project("{2150E333-8FDC-42A3-9474-1A3956D46DE8}") = "AddIns", "AddIns", "{8EC987BD-844B-469E-8A1E-B0260A60F2DA}"
EndProject
Project("{FAE04EC0-301F-11D3-BF4B-00C04F79EFBC}") = "Clamp.SDK", "Clamp.SDK\Clamp.SDK.csproj", "{E6B5CEDC-1317-4BA1-A33A-C07ACA867082}"
EndProject
Project("{FAE04EC0-301F-11D3-BF4B-00C04F79EFBC}") = "Clamp.SDK.Framework", "Clamp.SDK.Framework\Clamp.SDK.Framework.csproj", "{BDCA8F8E-D556-4BAD-9C4D-2FA49FC66124}"
EndProject
Project("{FAE04EC0-301F-11D3-BF4B-00C04F79EFBC}") = "Clamp.Machine", "Clamp.Machine\Clamp.Machine.csproj", "{E8E03CCD-CCFA-43F9-8FB0-3B45AA81E2AE}"
EndProject
Project("{2150E333-8FDC-42A3-9474-1A3956D46DE8}") = "Aomi.Authority", "Aomi.Authority", "{9D00B6A7-1C8A-42A2-A59F-9173B21960DF}"
EndProject
Project("{2150E333-8FDC-42A3-9474-1A3956D46DE8}") = "Aomi.Crm", "Aomi.Crm", "{D9584E27-4DB7-4D88-BE36-37B3C440B018}"
EndProject
Project("{2150E333-8FDC-42A3-9474-1A3956D46DE8}") = "Aomi.Common", "Aomi.Common", "{534CDE09-C71A-4863-A805-B49E042BEF65}"
EndProject
Project("{FAE04EC0-301F-11D3-BF4B-00C04F79EFBC}") = "Clamp.Printer", "Clamp.Printer\Clamp.Printer.csproj", "{8C11542F-0E4B-49E1-BCF8-CB19AC733469}"
EndProject
Project("{FAE04EC0-301F-11D3-BF4B-00C04F79EFBC}") = "Clamp.Audio", "Clamp.Audio\Clamp.Audio.csproj", "{752C40AB-12F7-4715-BB57-02988B997C80}"
EndProject
Project("{FAE04EC0-301F-11D3-BF4B-00C04F79EFBC}") = "Aomi.Crm", "AddIns\Aomi.Crm\Aomi.Crm\Aomi.Crm.csproj", "{44522415-0A86-4FB8-B3D5-B37219F3FAFB}"
EndProject
Project("{FAE04EC0-301F-11D3-BF4B-00C04F79EFBC}") = "Aomi.DTO", "AddIns\Aomi.Crm\Aomi.DTO\Aomi.DTO.csproj", "{1DF91AB3-BBAE-422C-9EF6-64127FEA0DC9}"
EndProject
Project("{FAE04EC0-301F-11D3-BF4B-00C04F79EFBC}") = "Aomi.Services", "AddIns\Aomi.Crm\Aomi.Services\Aomi.Services.csproj", "{BD5A10BE-C5EF-4384-B2DC-983797C58852}"
EndProject
Project("{FAE04EC0-301F-11D3-BF4B-00C04F79EFBC}") = "Aomi.Common", "AddIns\Aomi.Common\Aomi.Common\Aomi.Common.csproj", "{FFB6AD17-F2C4-4662-B65B-A4C77BDE6958}"
EndProject
Project("{FAE04EC0-301F-11D3-BF4B-00C04F79EFBC}") = "Aomi.Authority", "AddIns\Aomi.Authority\Aomi.Authority\Aomi.Authority.csproj", "{DCF3E11D-9318-43D4-906B-CEEEAA94C211}"
EndProject
Project("{2150E333-8FDC-42A3-9474-1A3956D46DE8}") = "Cores", "Cores", "{D8CA1526-30A9-4D10-896D-16F840023D1D}"
EndProject
Project("{2150E333-8FDC-42A3-9474-1A3956D46DE8}") = "Libraries", "Libraries", "{17ABC6EF-F10D-4BAE-93E7-59384E88E85A}"
EndProject
Global
	GlobalSection(SolutionConfigurationPlatforms) = preSolution
		Debug|Any CPU = Debug|Any CPU
		Release|Any CPU = Release|Any CPU
	EndGlobalSection
	GlobalSection(ProjectConfigurationPlatforms) = postSolution
		{4E6D8AC5-EAD5-4EDA-8983-979AA346D705}.Debug|Any CPU.ActiveCfg = Debug|Any CPU
		{4E6D8AC5-EAD5-4EDA-8983-979AA346D705}.Debug|Any CPU.Build.0 = Debug|Any CPU
		{4E6D8AC5-EAD5-4EDA-8983-979AA346D705}.Release|Any CPU.ActiveCfg = Release|Any CPU
		{4E6D8AC5-EAD5-4EDA-8983-979AA346D705}.Release|Any CPU.Build.0 = Release|Any CPU
		{95A3B367-FEBB-4F9E-B2EB-ACED3565393E}.Debug|Any CPU.ActiveCfg = Debug|Any CPU
		{95A3B367-FEBB-4F9E-B2EB-ACED3565393E}.Debug|Any CPU.Build.0 = Debug|Any CPU
		{95A3B367-FEBB-4F9E-B2EB-ACED3565393E}.Release|Any CPU.ActiveCfg = Release|Any CPU
		{95A3B367-FEBB-4F9E-B2EB-ACED3565393E}.Release|Any CPU.Build.0 = Release|Any CPU
		{76F59423-C48E-4E53-8A85-A011AF3D159B}.Debug|Any CPU.ActiveCfg = Debug|Any CPU
		{76F59423-C48E-4E53-8A85-A011AF3D159B}.Debug|Any CPU.Build.0 = Debug|Any CPU
		{76F59423-C48E-4E53-8A85-A011AF3D159B}.Release|Any CPU.ActiveCfg = Release|Any CPU
		{76F59423-C48E-4E53-8A85-A011AF3D159B}.Release|Any CPU.Build.0 = Release|Any CPU
		{55EA65FF-E185-457C-9EFF-CA95590898DB}.Debug|Any CPU.ActiveCfg = Debug|Any CPU
		{55EA65FF-E185-457C-9EFF-CA95590898DB}.Debug|Any CPU.Build.0 = Debug|Any CPU
		{55EA65FF-E185-457C-9EFF-CA95590898DB}.Release|Any CPU.ActiveCfg = Release|Any CPU
		{55EA65FF-E185-457C-9EFF-CA95590898DB}.Release|Any CPU.Build.0 = Release|Any CPU
		{E899B593-C2DA-4CCD-8938-3B2765C7B37B}.Debug|Any CPU.ActiveCfg = Debug|Any CPU
		{E899B593-C2DA-4CCD-8938-3B2765C7B37B}.Debug|Any CPU.Build.0 = Debug|Any CPU
		{E899B593-C2DA-4CCD-8938-3B2765C7B37B}.Release|Any CPU.ActiveCfg = Release|Any CPU
		{E899B593-C2DA-4CCD-8938-3B2765C7B37B}.Release|Any CPU.Build.0 = Release|Any CPU
		{E6B5CEDC-1317-4BA1-A33A-C07ACA867082}.Debug|Any CPU.ActiveCfg = Debug|Any CPU
		{E6B5CEDC-1317-4BA1-A33A-C07ACA867082}.Debug|Any CPU.Build.0 = Debug|Any CPU
		{E6B5CEDC-1317-4BA1-A33A-C07ACA867082}.Release|Any CPU.ActiveCfg = Release|Any CPU
		{E6B5CEDC-1317-4BA1-A33A-C07ACA867082}.Release|Any CPU.Build.0 = Release|Any CPU
		{BDCA8F8E-D556-4BAD-9C4D-2FA49FC66124}.Debug|Any CPU.ActiveCfg = Debug|Any CPU
		{BDCA8F8E-D556-4BAD-9C4D-2FA49FC66124}.Debug|Any CPU.Build.0 = Debug|Any CPU
		{BDCA8F8E-D556-4BAD-9C4D-2FA49FC66124}.Release|Any CPU.ActiveCfg = Release|Any CPU
		{BDCA8F8E-D556-4BAD-9C4D-2FA49FC66124}.Release|Any CPU.Build.0 = Release|Any CPU
		{E8E03CCD-CCFA-43F9-8FB0-3B45AA81E2AE}.Debug|Any CPU.ActiveCfg = Debug|Any CPU
		{E8E03CCD-CCFA-43F9-8FB0-3B45AA81E2AE}.Debug|Any CPU.Build.0 = Debug|Any CPU
		{E8E03CCD-CCFA-43F9-8FB0-3B45AA81E2AE}.Release|Any CPU.ActiveCfg = Release|Any CPU
		{E8E03CCD-CCFA-43F9-8FB0-3B45AA81E2AE}.Release|Any CPU.Build.0 = Release|Any CPU
		{8C11542F-0E4B-49E1-BCF8-CB19AC733469}.Debug|Any CPU.ActiveCfg = Debug|Any CPU
		{8C11542F-0E4B-49E1-BCF8-CB19AC733469}.Debug|Any CPU.Build.0 = Debug|Any CPU
		{8C11542F-0E4B-49E1-BCF8-CB19AC733469}.Release|Any CPU.ActiveCfg = Release|Any CPU
		{8C11542F-0E4B-49E1-BCF8-CB19AC733469}.Release|Any CPU.Build.0 = Release|Any CPU
		{752C40AB-12F7-4715-BB57-02988B997C80}.Debug|Any CPU.ActiveCfg = Debug|Any CPU
		{752C40AB-12F7-4715-BB57-02988B997C80}.Debug|Any CPU.Build.0 = Debug|Any CPU
		{752C40AB-12F7-4715-BB57-02988B997C80}.Release|Any CPU.ActiveCfg = Release|Any CPU
		{752C40AB-12F7-4715-BB57-02988B997C80}.Release|Any CPU.Build.0 = Release|Any CPU
		{44522415-0A86-4FB8-B3D5-B37219F3FAFB}.Debug|Any CPU.ActiveCfg = Debug|Any CPU
		{44522415-0A86-4FB8-B3D5-B37219F3FAFB}.Debug|Any CPU.Build.0 = Debug|Any CPU
		{44522415-0A86-4FB8-B3D5-B37219F3FAFB}.Release|Any CPU.ActiveCfg = Release|Any CPU
		{44522415-0A86-4FB8-B3D5-B37219F3FAFB}.Release|Any CPU.Build.0 = Release|Any CPU
		{1DF91AB3-BBAE-422C-9EF6-64127FEA0DC9}.Debug|Any CPU.ActiveCfg = Debug|Any CPU
		{1DF91AB3-BBAE-422C-9EF6-64127FEA0DC9}.Debug|Any CPU.Build.0 = Debug|Any CPU
		{1DF91AB3-BBAE-422C-9EF6-64127FEA0DC9}.Release|Any CPU.ActiveCfg = Release|Any CPU
		{1DF91AB3-BBAE-422C-9EF6-64127FEA0DC9}.Release|Any CPU.Build.0 = Release|Any CPU
		{BD5A10BE-C5EF-4384-B2DC-983797C58852}.Debug|Any CPU.ActiveCfg = Debug|Any CPU
		{BD5A10BE-C5EF-4384-B2DC-983797C58852}.Debug|Any CPU.Build.0 = Debug|Any CPU
		{BD5A10BE-C5EF-4384-B2DC-983797C58852}.Release|Any CPU.ActiveCfg = Release|Any CPU
		{BD5A10BE-C5EF-4384-B2DC-983797C58852}.Release|Any CPU.Build.0 = Release|Any CPU
		{FFB6AD17-F2C4-4662-B65B-A4C77BDE6958}.Debug|Any CPU.ActiveCfg = Debug|Any CPU
		{FFB6AD17-F2C4-4662-B65B-A4C77BDE6958}.Debug|Any CPU.Build.0 = Debug|Any CPU
		{FFB6AD17-F2C4-4662-B65B-A4C77BDE6958}.Release|Any CPU.ActiveCfg = Release|Any CPU
		{FFB6AD17-F2C4-4662-B65B-A4C77BDE6958}.Release|Any CPU.Build.0 = Release|Any CPU
		{DCF3E11D-9318-43D4-906B-CEEEAA94C211}.Debug|Any CPU.ActiveCfg = Debug|Any CPU
		{DCF3E11D-9318-43D4-906B-CEEEAA94C211}.Debug|Any CPU.Build.0 = Debug|Any CPU
		{DCF3E11D-9318-43D4-906B-CEEEAA94C211}.Release|Any CPU.ActiveCfg = Release|Any CPU
		{DCF3E11D-9318-43D4-906B-CEEEAA94C211}.Release|Any CPU.Build.0 = Release|Any CPU
	EndGlobalSection
	GlobalSection(SolutionProperties) = preSolution
		HideSolutionNode = FALSE
	EndGlobalSection
	GlobalSection(NestedProjects) = preSolution
		{4E6D8AC5-EAD5-4EDA-8983-979AA346D705} = {D8CA1526-30A9-4D10-896D-16F840023D1D}
		{95A3B367-FEBB-4F9E-B2EB-ACED3565393E} = {D8CA1526-30A9-4D10-896D-16F840023D1D}
		{76F59423-C48E-4E53-8A85-A011AF3D159B} = {17ABC6EF-F10D-4BAE-93E7-59384E88E85A}
		{55EA65FF-E185-457C-9EFF-CA95590898DB} = {D8CA1526-30A9-4D10-896D-16F840023D1D}
		{E899B593-C2DA-4CCD-8938-3B2765C7B37B} = {EEAF92D4-9EC4-481D-B741-E2C5DDF0336A}
		{E6B5CEDC-1317-4BA1-A33A-C07ACA867082} = {D8CA1526-30A9-4D10-896D-16F840023D1D}
		{BDCA8F8E-D556-4BAD-9C4D-2FA49FC66124} = {D8CA1526-30A9-4D10-896D-16F840023D1D}
		{E8E03CCD-CCFA-43F9-8FB0-3B45AA81E2AE} = {17ABC6EF-F10D-4BAE-93E7-59384E88E85A}
		{9D00B6A7-1C8A-42A2-A59F-9173B21960DF} = {8EC987BD-844B-469E-8A1E-B0260A60F2DA}
		{D9584E27-4DB7-4D88-BE36-37B3C440B018} = {8EC987BD-844B-469E-8A1E-B0260A60F2DA}
		{534CDE09-C71A-4863-A805-B49E042BEF65} = {8EC987BD-844B-469E-8A1E-B0260A60F2DA}
		{8C11542F-0E4B-49E1-BCF8-CB19AC733469} = {17ABC6EF-F10D-4BAE-93E7-59384E88E85A}
		{752C40AB-12F7-4715-BB57-02988B997C80} = {17ABC6EF-F10D-4BAE-93E7-59384E88E85A}
		{44522415-0A86-4FB8-B3D5-B37219F3FAFB} = {D9584E27-4DB7-4D88-BE36-37B3C440B018}
		{1DF91AB3-BBAE-422C-9EF6-64127FEA0DC9} = {D9584E27-4DB7-4D88-BE36-37B3C440B018}
		{BD5A10BE-C5EF-4384-B2DC-983797C58852} = {D9584E27-4DB7-4D88-BE36-37B3C440B018}
		{FFB6AD17-F2C4-4662-B65B-A4C77BDE6958} = {534CDE09-C71A-4863-A805-B49E042BEF65}
		{DCF3E11D-9318-43D4-906B-CEEEAA94C211} = {9D00B6A7-1C8A-42A2-A59F-9173B21960DF}
	EndGlobalSection
	GlobalSection(ExtensibilityGlobals) = postSolution
		SolutionGuid = {8E3DB394-B719-4520-8023-B25FBE6D63BF}
	EndGlobalSection
EndGlobal
