
Microsoft Visual Studio Solution File, Format Version 12.00
# Visual Studio 15
VisualStudioVersion = 15.0.26730.12
MinimumVisualStudioVersion = 10.0.40219.1
Project("{FAE04EC0-301F-11D3-BF4B-00C04F79EFBC}") = "Clamp.Webwork", "Clamp.Webwork\Clamp.Webwork.csproj", "{55EA65FF-E185-457C-9EFF-CA95590898DB}"
	ProjectSection(ProjectDependencies) = postProject
		{DC51AA2D-884E-4316-AD07-D80D1D3CEF9C} = {DC51AA2D-884E-4316-AD07-D80D1D3CEF9C}
		{64ED684B-187D-4D21-903C-DA5067F8F066} = {64ED684B-187D-4D21-903C-DA5067F8F066}
		{D9426667-170C-4CF3-9D13-5C266CB99421} = {D9426667-170C-4CF3-9D13-5C266CB99421}
		{73D1E6EA-C31A-4783-A84D-60C2F20A7A0D} = {73D1E6EA-C31A-4783-A84D-60C2F20A7A0D}
	EndProjectSection
EndProject
Project("{2150E333-8FDC-42A3-9474-1A3956D46DE8}") = "Tests", "Tests", "{EEAF92D4-9EC4-481D-B741-E2C5DDF0336A}"
EndProject
Project("{2150E333-8FDC-42A3-9474-1A3956D46DE8}") = "Bundles", "Bundles", "{8EC987BD-844B-469E-8A1E-B0260A60F2DA}"
EndProject
Project("{2150E333-8FDC-42A3-9474-1A3956D46DE8}") = "Cores", "Cores", "{D8CA1526-30A9-4D10-896D-16F840023D1D}"
EndProject
Project("{2150E333-8FDC-42A3-9474-1A3956D46DE8}") = "Libraries", "Libraries", "{17ABC6EF-F10D-4BAE-93E7-59384E88E85A}"
EndProject
Project("{2150E333-8FDC-42A3-9474-1A3956D46DE8}") = "UI", "UI", "{28EE851F-BA2C-4404-93AB-BF609B17BE0F}"
EndProject
Project("{8BC9CEB8-8B4A-11D0-8D11-00A0C91BC942}") = "libcfx", "libcfx\libcfx.vcxproj", "{64ED684B-187D-4D21-903C-DA5067F8F066}"
EndProject
Project("{FAE04EC0-301F-11D3-BF4B-00C04F79EFBC}") = "Clamp.MUI.Framework", "Clamp.MUI.Framework\Clamp.MUI.Framework.csproj", "{D9426667-170C-4CF3-9D13-5C266CB99421}"
EndProject
Project("{FAE04EC0-301F-11D3-BF4B-00C04F79EFBC}") = "Clamp.ChromiumRenderer", "Clamp.ChromiumRenderer\Clamp.ChromiumRenderer.csproj", "{73D1E6EA-C31A-4783-A84D-60C2F20A7A0D}"
EndProject
Project("{FAE04EC0-301F-11D3-BF4B-00C04F79EFBC}") = "Clamp", "Clamp\Clamp.csproj", "{17A2236D-1A63-4FF2-8046-EDFD80F3C9AB}"
EndProject
Project("{FAE04EC0-301F-11D3-BF4B-00C04F79EFBC}") = "Clamp.MUI", "Clamp.MUI\Clamp.MUI.csproj", "{5CE0FEC1-290B-47C7-AC05-71583EA2B407}"
EndProject
Project("{FAE04EC0-301F-11D3-BF4B-00C04F79EFBC}") = "Clamp.AppCenter", "Clamp.AppCenter\Clamp.AppCenter.csproj", "{4B81748F-84BA-4118-992D-C7FD039A746C}"
EndProject
Project("{FAE04EC0-301F-11D3-BF4B-00C04F79EFBC}") = "Clamp.MUI.WPF", "Clamp.MUI.WPF\Clamp.MUI.WPF.csproj", "{DC51AA2D-884E-4316-AD07-D80D1D3CEF9C}"
EndProject
Global
	GlobalSection(SolutionConfigurationPlatforms) = preSolution
		Debug|Any CPU = Debug|Any CPU
		Debug|x64 = Debug|x64
		Debug|x86 = Debug|x86
		Release|Any CPU = Release|Any CPU
		Release|x64 = Release|x64
		Release|x86 = Release|x86
	EndGlobalSection
	GlobalSection(ProjectConfigurationPlatforms) = postSolution
		{55EA65FF-E185-457C-9EFF-CA95590898DB}.Debug|Any CPU.ActiveCfg = Debug|Any CPU
		{55EA65FF-E185-457C-9EFF-CA95590898DB}.Debug|Any CPU.Build.0 = Debug|Any CPU
		{55EA65FF-E185-457C-9EFF-CA95590898DB}.Debug|x64.ActiveCfg = Debug|Any CPU
		{55EA65FF-E185-457C-9EFF-CA95590898DB}.Debug|x64.Build.0 = Debug|Any CPU
		{55EA65FF-E185-457C-9EFF-CA95590898DB}.Debug|x86.ActiveCfg = Debug|Any CPU
		{55EA65FF-E185-457C-9EFF-CA95590898DB}.Debug|x86.Build.0 = Debug|Any CPU
		{55EA65FF-E185-457C-9EFF-CA95590898DB}.Release|Any CPU.ActiveCfg = Release|Any CPU
		{55EA65FF-E185-457C-9EFF-CA95590898DB}.Release|Any CPU.Build.0 = Release|Any CPU
		{55EA65FF-E185-457C-9EFF-CA95590898DB}.Release|x64.ActiveCfg = Release|Any CPU
		{55EA65FF-E185-457C-9EFF-CA95590898DB}.Release|x64.Build.0 = Release|Any CPU
		{55EA65FF-E185-457C-9EFF-CA95590898DB}.Release|x86.ActiveCfg = Release|Any CPU
		{55EA65FF-E185-457C-9EFF-CA95590898DB}.Release|x86.Build.0 = Release|Any CPU
		{64ED684B-187D-4D21-903C-DA5067F8F066}.Debug|Any CPU.ActiveCfg = Debug|Win32
		{64ED684B-187D-4D21-903C-DA5067F8F066}.Debug|x64.ActiveCfg = Debug|x64
		{64ED684B-187D-4D21-903C-DA5067F8F066}.Debug|x64.Build.0 = Debug|x64
		{64ED684B-187D-4D21-903C-DA5067F8F066}.Debug|x86.ActiveCfg = Debug|Win32
		{64ED684B-187D-4D21-903C-DA5067F8F066}.Debug|x86.Build.0 = Debug|Win32
		{64ED684B-187D-4D21-903C-DA5067F8F066}.Release|Any CPU.ActiveCfg = Release|Win32
		{64ED684B-187D-4D21-903C-DA5067F8F066}.Release|x64.ActiveCfg = Release|x64
		{64ED684B-187D-4D21-903C-DA5067F8F066}.Release|x64.Build.0 = Release|x64
		{64ED684B-187D-4D21-903C-DA5067F8F066}.Release|x86.ActiveCfg = Release|Win32
		{64ED684B-187D-4D21-903C-DA5067F8F066}.Release|x86.Build.0 = Release|Win32
		{D9426667-170C-4CF3-9D13-5C266CB99421}.Debug|Any CPU.ActiveCfg = Debug|Any CPU
		{D9426667-170C-4CF3-9D13-5C266CB99421}.Debug|Any CPU.Build.0 = Debug|Any CPU
		{D9426667-170C-4CF3-9D13-5C266CB99421}.Debug|x64.ActiveCfg = Debug|x64
		{D9426667-170C-4CF3-9D13-5C266CB99421}.Debug|x64.Build.0 = Debug|x64
		{D9426667-170C-4CF3-9D13-5C266CB99421}.Debug|x86.ActiveCfg = Debug|x86
		{D9426667-170C-4CF3-9D13-5C266CB99421}.Debug|x86.Build.0 = Debug|x86
		{D9426667-170C-4CF3-9D13-5C266CB99421}.Release|Any CPU.ActiveCfg = Release|Any CPU
		{D9426667-170C-4CF3-9D13-5C266CB99421}.Release|Any CPU.Build.0 = Release|Any CPU
		{D9426667-170C-4CF3-9D13-5C266CB99421}.Release|x64.ActiveCfg = Release|x64
		{D9426667-170C-4CF3-9D13-5C266CB99421}.Release|x64.Build.0 = Release|x64
		{D9426667-170C-4CF3-9D13-5C266CB99421}.Release|x86.ActiveCfg = Release|x86
		{D9426667-170C-4CF3-9D13-5C266CB99421}.Release|x86.Build.0 = Release|x86
		{73D1E6EA-C31A-4783-A84D-60C2F20A7A0D}.Debug|Any CPU.ActiveCfg = Debug|Any CPU
		{73D1E6EA-C31A-4783-A84D-60C2F20A7A0D}.Debug|Any CPU.Build.0 = Debug|Any CPU
		{73D1E6EA-C31A-4783-A84D-60C2F20A7A0D}.Debug|x64.ActiveCfg = Debug|x64
		{73D1E6EA-C31A-4783-A84D-60C2F20A7A0D}.Debug|x64.Build.0 = Debug|x64
		{73D1E6EA-C31A-4783-A84D-60C2F20A7A0D}.Debug|x86.ActiveCfg = Debug|x86
		{73D1E6EA-C31A-4783-A84D-60C2F20A7A0D}.Debug|x86.Build.0 = Debug|x86
		{73D1E6EA-C31A-4783-A84D-60C2F20A7A0D}.Release|Any CPU.ActiveCfg = Release|Any CPU
		{73D1E6EA-C31A-4783-A84D-60C2F20A7A0D}.Release|Any CPU.Build.0 = Release|Any CPU
		{73D1E6EA-C31A-4783-A84D-60C2F20A7A0D}.Release|x64.ActiveCfg = Release|x64
		{73D1E6EA-C31A-4783-A84D-60C2F20A7A0D}.Release|x64.Build.0 = Release|x64
		{73D1E6EA-C31A-4783-A84D-60C2F20A7A0D}.Release|x86.ActiveCfg = Release|x86
		{73D1E6EA-C31A-4783-A84D-60C2F20A7A0D}.Release|x86.Build.0 = Release|x86
		{17A2236D-1A63-4FF2-8046-EDFD80F3C9AB}.Debug|Any CPU.ActiveCfg = Debug|Any CPU
		{17A2236D-1A63-4FF2-8046-EDFD80F3C9AB}.Debug|Any CPU.Build.0 = Debug|Any CPU
		{17A2236D-1A63-4FF2-8046-EDFD80F3C9AB}.Debug|x64.ActiveCfg = Debug|Any CPU
		{17A2236D-1A63-4FF2-8046-EDFD80F3C9AB}.Debug|x64.Build.0 = Debug|Any CPU
		{17A2236D-1A63-4FF2-8046-EDFD80F3C9AB}.Debug|x86.ActiveCfg = Debug|Any CPU
		{17A2236D-1A63-4FF2-8046-EDFD80F3C9AB}.Debug|x86.Build.0 = Debug|Any CPU
		{17A2236D-1A63-4FF2-8046-EDFD80F3C9AB}.Release|Any CPU.ActiveCfg = Release|Any CPU
		{17A2236D-1A63-4FF2-8046-EDFD80F3C9AB}.Release|Any CPU.Build.0 = Release|Any CPU
		{17A2236D-1A63-4FF2-8046-EDFD80F3C9AB}.Release|x64.ActiveCfg = Release|Any CPU
		{17A2236D-1A63-4FF2-8046-EDFD80F3C9AB}.Release|x64.Build.0 = Release|Any CPU
		{17A2236D-1A63-4FF2-8046-EDFD80F3C9AB}.Release|x86.ActiveCfg = Release|Any CPU
		{17A2236D-1A63-4FF2-8046-EDFD80F3C9AB}.Release|x86.Build.0 = Release|Any CPU
		{5CE0FEC1-290B-47C7-AC05-71583EA2B407}.Debug|Any CPU.ActiveCfg = Debug|Any CPU
		{5CE0FEC1-290B-47C7-AC05-71583EA2B407}.Debug|Any CPU.Build.0 = Debug|Any CPU
		{5CE0FEC1-290B-47C7-AC05-71583EA2B407}.Debug|x64.ActiveCfg = Debug|Any CPU
		{5CE0FEC1-290B-47C7-AC05-71583EA2B407}.Debug|x64.Build.0 = Debug|Any CPU
		{5CE0FEC1-290B-47C7-AC05-71583EA2B407}.Debug|x86.ActiveCfg = Debug|Any CPU
		{5CE0FEC1-290B-47C7-AC05-71583EA2B407}.Debug|x86.Build.0 = Debug|Any CPU
		{5CE0FEC1-290B-47C7-AC05-71583EA2B407}.Release|Any CPU.ActiveCfg = Release|Any CPU
		{5CE0FEC1-290B-47C7-AC05-71583EA2B407}.Release|Any CPU.Build.0 = Release|Any CPU
		{5CE0FEC1-290B-47C7-AC05-71583EA2B407}.Release|x64.ActiveCfg = Release|Any CPU
		{5CE0FEC1-290B-47C7-AC05-71583EA2B407}.Release|x64.Build.0 = Release|Any CPU
		{5CE0FEC1-290B-47C7-AC05-71583EA2B407}.Release|x86.ActiveCfg = Release|Any CPU
		{5CE0FEC1-290B-47C7-AC05-71583EA2B407}.Release|x86.Build.0 = Release|Any CPU
		{4B81748F-84BA-4118-992D-C7FD039A746C}.Debug|Any CPU.ActiveCfg = Debug|Any CPU
		{4B81748F-84BA-4118-992D-C7FD039A746C}.Debug|Any CPU.Build.0 = Debug|Any CPU
		{4B81748F-84BA-4118-992D-C7FD039A746C}.Debug|x64.ActiveCfg = Debug|Any CPU
		{4B81748F-84BA-4118-992D-C7FD039A746C}.Debug|x64.Build.0 = Debug|Any CPU
		{4B81748F-84BA-4118-992D-C7FD039A746C}.Debug|x86.ActiveCfg = Debug|Any CPU
		{4B81748F-84BA-4118-992D-C7FD039A746C}.Debug|x86.Build.0 = Debug|Any CPU
		{4B81748F-84BA-4118-992D-C7FD039A746C}.Release|Any CPU.ActiveCfg = Release|Any CPU
		{4B81748F-84BA-4118-992D-C7FD039A746C}.Release|Any CPU.Build.0 = Release|Any CPU
		{4B81748F-84BA-4118-992D-C7FD039A746C}.Release|x64.ActiveCfg = Release|Any CPU
		{4B81748F-84BA-4118-992D-C7FD039A746C}.Release|x64.Build.0 = Release|Any CPU
		{4B81748F-84BA-4118-992D-C7FD039A746C}.Release|x86.ActiveCfg = Release|Any CPU
		{4B81748F-84BA-4118-992D-C7FD039A746C}.Release|x86.Build.0 = Release|Any CPU
		{DC51AA2D-884E-4316-AD07-D80D1D3CEF9C}.Debug|Any CPU.ActiveCfg = Debug|Any CPU
		{DC51AA2D-884E-4316-AD07-D80D1D3CEF9C}.Debug|Any CPU.Build.0 = Debug|Any CPU
		{DC51AA2D-884E-4316-AD07-D80D1D3CEF9C}.Debug|x64.ActiveCfg = Debug|Any CPU
		{DC51AA2D-884E-4316-AD07-D80D1D3CEF9C}.Debug|x64.Build.0 = Debug|Any CPU
		{DC51AA2D-884E-4316-AD07-D80D1D3CEF9C}.Debug|x86.ActiveCfg = Debug|Any CPU
		{DC51AA2D-884E-4316-AD07-D80D1D3CEF9C}.Debug|x86.Build.0 = Debug|Any CPU
		{DC51AA2D-884E-4316-AD07-D80D1D3CEF9C}.Release|Any CPU.ActiveCfg = Release|Any CPU
		{DC51AA2D-884E-4316-AD07-D80D1D3CEF9C}.Release|Any CPU.Build.0 = Release|Any CPU
		{DC51AA2D-884E-4316-AD07-D80D1D3CEF9C}.Release|x64.ActiveCfg = Release|Any CPU
		{DC51AA2D-884E-4316-AD07-D80D1D3CEF9C}.Release|x64.Build.0 = Release|Any CPU
		{DC51AA2D-884E-4316-AD07-D80D1D3CEF9C}.Release|x86.ActiveCfg = Release|Any CPU
		{DC51AA2D-884E-4316-AD07-D80D1D3CEF9C}.Release|x86.Build.0 = Release|Any CPU
	EndGlobalSection
	GlobalSection(SolutionProperties) = preSolution
		HideSolutionNode = FALSE
	EndGlobalSection
	GlobalSection(NestedProjects) = preSolution
		{55EA65FF-E185-457C-9EFF-CA95590898DB} = {D8CA1526-30A9-4D10-896D-16F840023D1D}
		{64ED684B-187D-4D21-903C-DA5067F8F066} = {28EE851F-BA2C-4404-93AB-BF609B17BE0F}
		{D9426667-170C-4CF3-9D13-5C266CB99421} = {28EE851F-BA2C-4404-93AB-BF609B17BE0F}
		{73D1E6EA-C31A-4783-A84D-60C2F20A7A0D} = {28EE851F-BA2C-4404-93AB-BF609B17BE0F}
		{17A2236D-1A63-4FF2-8046-EDFD80F3C9AB} = {D8CA1526-30A9-4D10-896D-16F840023D1D}
		{5CE0FEC1-290B-47C7-AC05-71583EA2B407} = {28EE851F-BA2C-4404-93AB-BF609B17BE0F}
		{4B81748F-84BA-4118-992D-C7FD039A746C} = {28EE851F-BA2C-4404-93AB-BF609B17BE0F}
		{DC51AA2D-884E-4316-AD07-D80D1D3CEF9C} = {28EE851F-BA2C-4404-93AB-BF609B17BE0F}
	EndGlobalSection
	GlobalSection(ExtensibilityGlobals) = postSolution
		SolutionGuid = {8E3DB394-B719-4520-8023-B25FBE6D63BF}
	EndGlobalSection
EndGlobal
