
Microsoft Visual Studio Solution File, Format Version 12.00
# Visual Studio 15
VisualStudioVersion = 15.0.27428.2037
MinimumVisualStudioVersion = 10.0.40219.1
Project("{E24C65DC-7377-472B-9ABA-BC803B73C61A}") = "Clamp.Sites", "Clamp.Sites\", "{13C4F85F-574B-455A-A61C-E902B2112ECD}"
	ProjectSection(WebsiteProperties) = preProject
		TargetFrameworkMoniker = ".NETFramework,Version%3Dv4.0"
		Debug.AspNetCompiler.VirtualPath = "/localhost_8856"
		Debug.AspNetCompiler.PhysicalPath = "Clamp.Sites\"
		Debug.AspNetCompiler.TargetPath = "PrecompiledWeb\localhost_8856\"
		Debug.AspNetCompiler.Updateable = "true"
		Debug.AspNetCompiler.ForceOverwrite = "true"
		Debug.AspNetCompiler.FixedNames = "false"
		Debug.AspNetCompiler.Debug = "True"
		Release.AspNetCompiler.VirtualPath = "/localhost_8856"
		Release.AspNetCompiler.PhysicalPath = "Clamp.Sites\"
		Release.AspNetCompiler.TargetPath = "PrecompiledWeb\localhost_8856\"
		Release.AspNetCompiler.Updateable = "true"
		Release.AspNetCompiler.ForceOverwrite = "true"
		Release.AspNetCompiler.FixedNames = "false"
		Release.AspNetCompiler.Debug = "False"
		VWDPort = "8856"
		SlnRelativePath = "Clamp.Sites\"
		DefaultWebSiteLanguage = "Visual C#"
	EndProjectSection
EndProject
Global
	GlobalSection(SolutionConfigurationPlatforms) = preSolution
		Debug|Any CPU = Debug|Any CPU
	EndGlobalSection
	GlobalSection(ProjectConfigurationPlatforms) = postSolution
		{13C4F85F-574B-455A-A61C-E902B2112ECD}.Debug|Any CPU.ActiveCfg = Debug|Any CPU
		{13C4F85F-574B-455A-A61C-E902B2112ECD}.Debug|Any CPU.Build.0 = Debug|Any CPU
	EndGlobalSection
	GlobalSection(SolutionProperties) = preSolution
		HideSolutionNode = FALSE
	EndGlobalSection
	GlobalSection(ExtensibilityGlobals) = postSolution
		SolutionGuid = {22B26653-0EAB-4253-9FD2-A37651889847}
	EndGlobalSection
EndGlobal
